Microsoft Visual Studio Solution File, Format Version 12.00
# Visual Studio Version 17
VisualStudioVersion = 17.5.2.0
MinimumVisualStudioVersion = 10.0.40219.1
Project("{FAE04EC0-301F-11D3-BF4B-00C04F79EFBC}") = "FLVisitorRegister", "FLVisitorRegister.csproj", "{3A0E2BA6-6C53-F914-6377-539FF31AC01C}"
EndProject
Global
	GlobalSection(SolutionConfigurationPlatforms) = preSolution
		Debug|Any CPU = Debug|Any CPU
		Release|Any CPU = Release|Any CPU
	EndGlobalSection
	GlobalSection(ProjectConfigurationPlatforms) = postSolution
		{3A0E2BA6-6C53-F914-6377-539FF31AC01C}.Debug|Any CPU.ActiveCfg = Debug|Any CPU
		{3A0E2BA6-6C53-F914-6377-539FF31AC01C}.Debug|Any CPU.Build.0 = Debug|Any CPU
		{3A0E2BA6-6C53-F914-6377-539FF31AC01C}.Release|Any CPU.ActiveCfg = Release|Any CPU
		{3A0E2BA6-6C53-F914-6377-539FF31AC01C}.Release|Any CPU.Build.0 = Release|Any CPU
	EndGlobalSection
	GlobalSection(SolutionProperties) = preSolution
		HideSolutionNode = FALSE
	EndGlobalSection
	GlobalSection(ExtensibilityGlobals) = postSolution
		SolutionGuid = {9D08F2DC-0AD9-4026-87FF-AE8817E9C4DB}
	EndGlobalSection
EndGlobal
